
Microsoft Visual Studio Solution File, Format Version 12.00
# Visual Studio Version 16
VisualStudioVersion = 16.0.31112.23
MinimumVisualStudioVersion = 10.0.40219.1
Project("{FAE04EC0-301F-11D3-BF4B-00C04F79EFBC}") = "WpfApp16", "WpfApp16\WpfApp16.csproj", "{82F12022-103F-443F-98CA-39715B73006B}"
EndProject
Global
	GlobalSection(SolutionConfigurationPlatforms) = preSolution
		Debug|Any CPU = Debug|Any CPU
		Release|Any CPU = Release|Any CPU
	EndGlobalSection
	GlobalSection(ProjectConfigurationPlatforms) = postSolution
		{82F12022-103F-443F-98CA-39715B73006B}.Debug|Any CPU.ActiveCfg = Debug|Any CPU
		{82F12022-103F-443F-98CA-39715B73006B}.Debug|Any CPU.Build.0 = Debug|Any CPU
		{82F12022-103F-443F-98CA-39715B73006B}.Release|Any CPU.ActiveCfg = Release|Any CPU
		{82F12022-103F-443F-98CA-39715B73006B}.Release|Any CPU.Build.0 = Release|Any CPU
	EndGlobalSection
	GlobalSection(SolutionProperties) = preSolution
		HideSolutionNode = FALSE
	EndGlobalSection
	GlobalSection(ExtensibilityGlobals) = postSolution
		SolutionGuid = {246F563F-1F3F-449A-84D8-BD09A5E5030C}
	EndGlobalSection
EndGlobal
